
Microsoft Visual Studio Solution File, Format Version 12.00
Project("{FAE04EC0-301F-11D3-BF4B-00C04F79EFBC}") = "Reseptit", "Reseptit\Reseptit.csproj", "{8D836203-83D7-4886-9957-F4D99DE361FE}"
EndProject
Project("{FAE04EC0-301F-11D3-BF4B-00C04F79EFBC}") = "Reseptit.Tests", "Reseptit.Tests\Reseptit.Tests.csproj", "{396CAFE4-CC67-47C1-AA8C-D20526C17E8C}"
EndProject
Global
	GlobalSection(SolutionConfigurationPlatforms) = preSolution
		Debug|Any CPU = Debug|Any CPU
		Release|Any CPU = Release|Any CPU
	EndGlobalSection
	GlobalSection(ProjectConfigurationPlatforms) = postSolution
		{8D836203-83D7-4886-9957-F4D99DE361FE}.Debug|Any CPU.ActiveCfg = Debug|Any CPU
		{8D836203-83D7-4886-9957-F4D99DE361FE}.Debug|Any CPU.Build.0 = Debug|Any CPU
		{8D836203-83D7-4886-9957-F4D99DE361FE}.Release|Any CPU.ActiveCfg = Release|Any CPU
		{8D836203-83D7-4886-9957-F4D99DE361FE}.Release|Any CPU.Build.0 = Release|Any CPU
		{396CAFE4-CC67-47C1-AA8C-D20526C17E8C}.Debug|Any CPU.ActiveCfg = Debug|Any CPU
		{396CAFE4-CC67-47C1-AA8C-D20526C17E8C}.Debug|Any CPU.Build.0 = Debug|Any CPU
		{396CAFE4-CC67-47C1-AA8C-D20526C17E8C}.Release|Any CPU.ActiveCfg = Release|Any CPU
		{396CAFE4-CC67-47C1-AA8C-D20526C17E8C}.Release|Any CPU.Build.0 = Release|Any CPU
	EndGlobalSection
EndGlobal
